
Microsoft Visual Studio Solution File, Format Version 12.00
# Visual Studio Version 17
VisualStudioVersion = 17.0.32112.339
MinimumVisualStudioVersion = 10.0.40219.1
Project("{2150E333-8FDC-42A3-9474-1A3956D46DE8}") = "src", "src", "{8B4ECBC2-A98D-42FB-8025-5C07EDF056BE}"
EndProject
Project("{2150E333-8FDC-42A3-9474-1A3956D46DE8}") = "tests", "tests", "{9ADA4BFD-A93E-4C76-B33D-26DBA09A70AB}"
EndProject
Project("{2150E333-8FDC-42A3-9474-1A3956D46DE8}") = "Core", "Core", "{774232D5-7DD9-44E7-83D5-F09A4550FEA5}"
EndProject
Project("{2150E333-8FDC-42A3-9474-1A3956D46DE8}") = "Infrastructure", "Infrastructure", "{69F44748-7C09-4E66-8AB9-32325BD6D45D}"
EndProject
Project("{2150E333-8FDC-42A3-9474-1A3956D46DE8}") = "Web", "Web", "{BD37C53C-3C41-4A1E-941E-0703AB2785BE}"
EndProject
Project("{9A19103F-16F7-4668-BE54-9A1E7A4F7556}") = "TrickingLibirary.Api", "TrickingLibirary.Api\TrickingLibirary.Api.csproj", "{5C0F50D0-1DD0-498E-9612-E0A0933CC480}"
EndProject
Project("{2150E333-8FDC-42A3-9474-1A3956D46DE8}") = "Solution Items", "Solution Items", "{54B692BF-DCA1-4EF1-A78E-7503EA6CB060}"
	ProjectSection(SolutionItems) = preProject
		.editorconfig = .editorconfig
	EndProjectSection
EndProject
Project("{9A19103F-16F7-4668-BE54-9A1E7A4F7556}") = "TrickingLibirary.Domain", "TrickingLibirary.Domain\TrickingLibirary.Domain.csproj", "{01BFD77C-4D5F-4912-912A-CBFB60E7C23F}"
EndProject
Project("{2150E333-8FDC-42A3-9474-1A3956D46DE8}") = "SharedKernel", "SharedKernel", "{3839732F-7DB4-4629-AF55-D3550A082B2C}"
EndProject
Project("{9A19103F-16F7-4668-BE54-9A1E7A4F7556}") = "SharedKernel", "SharedKernel\SharedKernel.csproj", "{0A05AA35-B746-4FC5-8828-E3D6FAF25D60}"
EndProject
Project("{9A19103F-16F7-4668-BE54-9A1E7A4F7556}") = "TrickingLibirary.Infrastructure", "TrickingLibirary.Infrastructure\TrickingLibirary.Infrastructure.csproj", "{22C24803-546E-455B-9232-F8DB970A2177}"
EndProject
Global
	GlobalSection(SolutionConfigurationPlatforms) = preSolution
		Debug|Any CPU = Debug|Any CPU
		Release|Any CPU = Release|Any CPU
	EndGlobalSection
	GlobalSection(ProjectConfigurationPlatforms) = postSolution
		{5C0F50D0-1DD0-498E-9612-E0A0933CC480}.Debug|Any CPU.ActiveCfg = Debug|Any CPU
		{5C0F50D0-1DD0-498E-9612-E0A0933CC480}.Debug|Any CPU.Build.0 = Debug|Any CPU
		{5C0F50D0-1DD0-498E-9612-E0A0933CC480}.Release|Any CPU.ActiveCfg = Release|Any CPU
		{5C0F50D0-1DD0-498E-9612-E0A0933CC480}.Release|Any CPU.Build.0 = Release|Any CPU
		{01BFD77C-4D5F-4912-912A-CBFB60E7C23F}.Debug|Any CPU.ActiveCfg = Debug|Any CPU
		{01BFD77C-4D5F-4912-912A-CBFB60E7C23F}.Debug|Any CPU.Build.0 = Debug|Any CPU
		{01BFD77C-4D5F-4912-912A-CBFB60E7C23F}.Release|Any CPU.ActiveCfg = Release|Any CPU
		{01BFD77C-4D5F-4912-912A-CBFB60E7C23F}.Release|Any CPU.Build.0 = Release|Any CPU
		{0A05AA35-B746-4FC5-8828-E3D6FAF25D60}.Debug|Any CPU.ActiveCfg = Debug|Any CPU
		{0A05AA35-B746-4FC5-8828-E3D6FAF25D60}.Debug|Any CPU.Build.0 = Debug|Any CPU
		{0A05AA35-B746-4FC5-8828-E3D6FAF25D60}.Release|Any CPU.ActiveCfg = Release|Any CPU
		{0A05AA35-B746-4FC5-8828-E3D6FAF25D60}.Release|Any CPU.Build.0 = Release|Any CPU
		{22C24803-546E-455B-9232-F8DB970A2177}.Debug|Any CPU.ActiveCfg = Debug|Any CPU
		{22C24803-546E-455B-9232-F8DB970A2177}.Debug|Any CPU.Build.0 = Debug|Any CPU
		{22C24803-546E-455B-9232-F8DB970A2177}.Release|Any CPU.ActiveCfg = Release|Any CPU
		{22C24803-546E-455B-9232-F8DB970A2177}.Release|Any CPU.Build.0 = Release|Any CPU
	EndGlobalSection
	GlobalSection(SolutionProperties) = preSolution
		HideSolutionNode = FALSE
	EndGlobalSection
	GlobalSection(NestedProjects) = preSolution
		{774232D5-7DD9-44E7-83D5-F09A4550FEA5} = {8B4ECBC2-A98D-42FB-8025-5C07EDF056BE}
		{69F44748-7C09-4E66-8AB9-32325BD6D45D} = {8B4ECBC2-A98D-42FB-8025-5C07EDF056BE}
		{BD37C53C-3C41-4A1E-941E-0703AB2785BE} = {8B4ECBC2-A98D-42FB-8025-5C07EDF056BE}
		{5C0F50D0-1DD0-498E-9612-E0A0933CC480} = {BD37C53C-3C41-4A1E-941E-0703AB2785BE}
		{01BFD77C-4D5F-4912-912A-CBFB60E7C23F} = {774232D5-7DD9-44E7-83D5-F09A4550FEA5}
		{3839732F-7DB4-4629-AF55-D3550A082B2C} = {8B4ECBC2-A98D-42FB-8025-5C07EDF056BE}
		{0A05AA35-B746-4FC5-8828-E3D6FAF25D60} = {3839732F-7DB4-4629-AF55-D3550A082B2C}
		{22C24803-546E-455B-9232-F8DB970A2177} = {69F44748-7C09-4E66-8AB9-32325BD6D45D}
	EndGlobalSection
	GlobalSection(ExtensibilityGlobals) = postSolution
		SolutionGuid = {842A942A-BB04-4916-9637-11EBC94B1AE1}
	EndGlobalSection
EndGlobal
